{
  "name": "proxy-frontend",
  "lockfileVersion": 3,
  "requires": true,
  "packages": {
    "": {
      "dependencies": {
        "@telegram-apps/sdk": "^2.11.3"
      }
    },
    "node_modules/@telegram-apps/bridge": {
      "version": "1.9.2",
      "resolved": "https://registry.npmjs.org/@telegram-apps/bridge/-/bridge-1.9.2.tgz",
      "integrity": "sha512-SJLcNWLXhbbZr9MiqFH/g2ceuitSJKMxUIZysK4zUNyTUNuonrQG80Q/yrO+XiNbKUj8WdDNM86NBARhuyyinQ==",
      "license": "MIT",
      "dependencies": {
        "@telegram-apps/signals": "^1.1.1",
        "@telegram-apps/toolkit": "^1.1.1",
        "@telegram-apps/transformers": "^1.2.2",
        "@telegram-apps/types": "^1.2.1"
      }
    },
    "node_modules/@telegram-apps/navigation": {
      "version": "1.0.13",
      "resolved": "https://registry.npmjs.org/@telegram-apps/navigation/-/navigation-1.0.13.tgz",
      "integrity": "sha512-TsUueB5LQp77GQHoMa93nq26Uw7GJjrFCPbyseMVU7aBBxAc+8CV2IYytRwcVp5sv/q7ThK5X4JaKn2V1yBHDQ==",
      "license": "MIT",
      "dependencies": {
        "@telegram-apps/bridge": "^1.9.2",
        "@telegram-apps/signals": "^1.1.1",
        "@telegram-apps/toolkit": "^1.1.1"
      }
    },
    "node_modules/@telegram-apps/sdk": {
      "version": "2.11.3",
      "resolved": "https://registry.npmjs.org/@telegram-apps/sdk/-/sdk-2.11.3.tgz",
      "integrity": "sha512-KdULzgRe1gcR8B3Z/t3hQrEaDmLGrfsL2IePtPP6ehtMn5tT0uPfnjtDLjDNQMyI7D4Tv2ZOzvDx45wOhhreXg==",
      "license": "MIT",
      "dependencies": {
        "@telegram-apps/bridge": "^1.9.2",
        "@telegram-apps/navigation": "^1.0.13",
        "@telegram-apps/signals": "^1.1.1",
        "@telegram-apps/toolkit": "^1.1.1",
        "@telegram-apps/transformers": "^1.2.2"
      }
    },
    "node_modules/@telegram-apps/signals": {
      "version": "1.1.1",
      "resolved": "https://registry.npmjs.org/@telegram-apps/signals/-/signals-1.1.1.tgz",
      "integrity": "sha512-vz37r8lemGpPzDiBRfqpXYBynzmy3SFnY6zfHsTZABTYYt0b0WQZyU5mFDqqqugGhka78Gy11xmr9csgy4YgGA==",
      "license": "MIT"
    },
    "node_modules/@telegram-apps/toolkit": {
      "version": "1.1.1",
      "resolved": "https://registry.npmjs.org/@telegram-apps/toolkit/-/toolkit-1.1.1.tgz",
      "integrity": "sha512-+vhKx6ngfvjyTE6Xagl3z1TPVbfx5s7xAkcYzCdHYUo6T60jLIqLgyZMcI1UPoIAMuMu1pHoO+p8QNCj/+tFmw==",
      "license": "MIT"
    },
    "node_modules/@telegram-apps/transformers": {
      "version": "1.2.2",
      "resolved": "https://registry.npmjs.org/@telegram-apps/transformers/-/transformers-1.2.2.tgz",
      "integrity": "sha512-vvMwXckd1D7Ozc0h66PSUwF5QLrRV9HlGJFFeBuUex8QEk5mSPtsJkLiqB8aBbwuFDa91+TUSM/CxqPZO/e9YQ==",
      "license": "MIT",
      "dependencies": {
        "@telegram-apps/toolkit": "^1.1.1",
        "@telegram-apps/types": "^1.2.1"
      }
    },
    "node_modules/@telegram-apps/types": {
      "version": "1.2.1",
      "resolved": "https://registry.npmjs.org/@telegram-apps/types/-/types-1.2.1.tgz",
      "integrity": "sha512-so4HLh7clur0YyMthi9KVIgWoGpZdXlFOuQjk3+Q5NAvJZ11nAheBSwPlGw/Ko92+zwvrSBE/lQyN2+p17RP+w==",
      "license": "MIT"
    }
  }
}
